{
  "name": "tamagometer",
  "lockfileVersion": 3,
  "requires": true,
  "packages": {
    "": {
      "dependencies": {
        "web-serial-polyfill": "^1.0.15"
      }
    },
    "node_modules/web-serial-polyfill": {
      "version": "1.0.15",
      "resolved": "https://registry.npmjs.org/web-serial-polyfill/-/web-serial-polyfill-1.0.15.tgz",
      "integrity": "sha512-usZN7kGRkEWr8DzRWxW+og55L1fHo4hNIwxCSCfWKpM+i0L+2AwzupMvkDFxnJNqUFOhLaD3PlgAOJxUOUrAoA==",
      "license": "Apache"
    }
  }
}
